// !$*UTF8*$!
{
	archiveVersion = 1;
	classes = {
	};
	objectVersion = 55;
	objects = {

/* Begin PBXBuildFile section */
		3903A114287ABEE800400F31 /* CSV in Frameworks */ = {isa = PBXBuildFile; productRef = 3903A113287ABEE800400F31 /* CSV */; };
		39C26DEC286C78010011F5FA /* WeatherDiaryApp.swift in Sources */ = {isa = PBXBuildFile; fileRef = 39C26DEB286C78010011F5FA /* WeatherDiaryApp.swift */; };
		39C26DF0286C78030011F5FA /* Assets.xcassets in Resources */ = {isa = PBXBuildFile; fileRef = 39C26DEF286C78030011F5FA /* Assets.xcassets */; };
		39C26DF3286C78030011F5FA /* Preview Assets.xcassets in Resources */ = {isa = PBXBuildFile; fileRef = 39C26DF2286C78030011F5FA /* Preview Assets.xcassets */; };
		39D6D1852873519900C5793E /* 나눔손글씨 반짝반짝 별.ttf in Resources */ = {isa = PBXBuildFile; fileRef = 39D6D1842873519900C5793E /* 나눔손글씨 반짝반짝 별.ttf */; };
		39E8CD5228D591040087D0EF /* LicenseView.swift in Sources */ = {isa = PBXBuildFile; fileRef = 39E8CD5128D591040087D0EF /* LicenseView.swift */; };
		A03EC6C229192CC200AA3EEC /* Date+Extension.swift in Sources */ = {isa = PBXBuildFile; fileRef = A03EC6C129192CC200AA3EEC /* Date+Extension.swift */; };
		A03EC6C42919375100AA3EEC /* MainView.swift in Sources */ = {isa = PBXBuildFile; fileRef = A03EC6C32919375100AA3EEC /* MainView.swift */; };
		A03EC6C62919470A00AA3EEC /* WeatherCondition+Extension.swift in Sources */ = {isa = PBXBuildFile; fileRef = A03EC6C52919470A00AA3EEC /* WeatherCondition+Extension.swift */; };
		A0F82286290D0AE700AF4448 /* LoadingView.swift in Sources */ = {isa = PBXBuildFile; fileRef = A0F82285290D0AE700AF4448 /* LoadingView.swift */; };
		A0F82288290D0AFC00AF4448 /* WeatherInfoView.swift in Sources */ = {isa = PBXBuildFile; fileRef = A0F82287290D0AFC00AF4448 /* WeatherInfoView.swift */; };
		A0F8228B290D0B2900AF4448 /* CurrentWeatherView.swift in Sources */ = {isa = PBXBuildFile; fileRef = A0F8228A290D0B2900AF4448 /* CurrentWeatherView.swift */; };
		A0F8228D290D0B4100AF4448 /* HourlyWeatherListView.swift in Sources */ = {isa = PBXBuildFile; fileRef = A0F8228C290D0B4100AF4448 /* HourlyWeatherListView.swift */; };
		A0F8228F290D0B5500AF4448 /* WeeklyWeatherListView.swift in Sources */ = {isa = PBXBuildFile; fileRef = A0F8228E290D0B5500AF4448 /* WeeklyWeatherListView.swift */; };
		A0F822AF29129D9E00AF4448 /* Font+Extension.swift in Sources */ = {isa = PBXBuildFile; fileRef = A0F822AE29129D9E00AF4448 /* Font+Extension.swift */; };
		A0F822B32912AC4F00AF4448 /* LocationManager.swift in Sources */ = {isa = PBXBuildFile; fileRef = A0F822B22912AC4F00AF4448 /* LocationManager.swift */; };
/* End PBXBuildFile section */

/* Begin PBXFileReference section */
		39C26DE8286C78010011F5FA /* 날씨장.app */ = {isa = PBXFileReference; explicitFileType = wrapper.application; includeInIndex = 0; path = "날씨장.app"; sourceTree = BUILT_PRODUCTS_DIR; };
		39C26DEB286C78010011F5FA /* WeatherDiaryApp.swift */ = {isa = PBXFileReference; lastKnownFileType = sourcecode.swift; path = WeatherDiaryApp.swift; sourceTree = "<group>"; };
		39C26DEF286C78030011F5FA /* Assets.xcassets */ = {isa = PBXFileReference; lastKnownFileType = folder.assetcatalog; path = Assets.xcassets; sourceTree = "<group>"; };
		39C26DF2286C78030011F5FA /* Preview Assets.xcassets */ = {isa = PBXFileReference; lastKnownFileType = folder.assetcatalog; path = "Preview Assets.xcassets"; sourceTree = "<group>"; };
		39D6D1842873519900C5793E /* 나눔손글씨 반짝반짝 별.ttf */ = {isa = PBXFileReference; lastKnownFileType = file; path = "나눔손글씨 반짝반짝 별.ttf"; sourceTree = "<group>"; };
		39E8CD5128D591040087D0EF /* LicenseView.swift */ = {isa = PBXFileReference; lastKnownFileType = sourcecode.swift; path = LicenseView.swift; sourceTree = "<group>"; };
		A03EC6BE291910B500AA3EEC /* WeatherDiary.entitlements */ = {isa = PBXFileReference; lastKnownFileType = text.plist.entitlements; path = WeatherDiary.entitlements; sourceTree = "<group>"; };
		A03EC6C129192CC200AA3EEC /* Date+Extension.swift */ = {isa = PBXFileReference; lastKnownFileType = sourcecode.swift; path = "Date+Extension.swift"; sourceTree = "<group>"; };
		A03EC6C32919375100AA3EEC /* MainView.swift */ = {isa = PBXFileReference; lastKnownFileType = sourcecode.swift; path = MainView.swift; sourceTree = "<group>"; };
		A03EC6C52919470A00AA3EEC /* WeatherCondition+Extension.swift */ = {isa = PBXFileReference; lastKnownFileType = sourcecode.swift; path = "WeatherCondition+Extension.swift"; sourceTree = "<group>"; };
		A0E06B9328704B92002521D5 /* Info.plist */ = {isa = PBXFileReference; lastKnownFileType = text.plist; path = Info.plist; sourceTree = "<group>"; };
		A0F82285290D0AE700AF4448 /* LoadingView.swift */ = {isa = PBXFileReference; lastKnownFileType = sourcecode.swift; path = LoadingView.swift; sourceTree = "<group>"; };
		A0F82287290D0AFC00AF4448 /* WeatherInfoView.swift */ = {isa = PBXFileReference; lastKnownFileType = sourcecode.swift; path = WeatherInfoView.swift; sourceTree = "<group>"; };
		A0F8228A290D0B2900AF4448 /* CurrentWeatherView.swift */ = {isa = PBXFileReference; lastKnownFileType = sourcecode.swift; path = CurrentWeatherView.swift; sourceTree = "<group>"; };
		A0F8228C290D0B4100AF4448 /* HourlyWeatherListView.swift */ = {isa = PBXFileReference; lastKnownFileType = sourcecode.swift; path = HourlyWeatherListView.swift; sourceTree = "<group>"; };
		A0F8228E290D0B5500AF4448 /* WeeklyWeatherListView.swift */ = {isa = PBXFileReference; lastKnownFileType = sourcecode.swift; path = WeeklyWeatherListView.swift; sourceTree = "<group>"; };
		A0F822AE29129D9E00AF4448 /* Font+Extension.swift */ = {isa = PBXFileReference; lastKnownFileType = sourcecode.swift; path = "Font+Extension.swift"; sourceTree = "<group>"; };
		A0F822B22912AC4F00AF4448 /* LocationManager.swift */ = {isa = PBXFileReference; lastKnownFileType = sourcecode.swift; path = LocationManager.swift; sourceTree = "<group>"; };
/* End PBXFileReference section */

/* Begin PBXFrameworksBuildPhase section */
		39C26DE5286C78010011F5FA /* Frameworks */ = {
			isa = PBXFrameworksBuildPhase;
			buildActionMask = 2147483647;
			files = (
				3903A114287ABEE800400F31 /* CSV in Frameworks */,
			);
			runOnlyForDeploymentPostprocessing = 0;
		};
/* End PBXFrameworksBuildPhase section */

/* Begin PBXGroup section */
		39C26DDF286C78010011F5FA = {
			isa = PBXGroup;
			children = (
				39C26DEA286C78010011F5FA /* WeatherDiary */,
				39C26DE9286C78010011F5FA /* Products */,
			);
			sourceTree = "<group>";
		};
		39C26DE9286C78010011F5FA /* Products */ = {
			isa = PBXGroup;
			children = (
				39C26DE8286C78010011F5FA /* 날씨장.app */,
			);
			name = Products;
			sourceTree = "<group>";
		};
		39C26DEA286C78010011F5FA /* WeatherDiary */ = {
			isa = PBXGroup;
			children = (
				A03EC6BE291910B500AA3EEC /* WeatherDiary.entitlements */,
				A0F822B12912AC3300AF4448 /* Manager */,
				A0F822AD29129D7900AF4448 /* Extension */,
				A0E06B9328704B92002521D5 /* Info.plist */,
				39D6D1832873516F00C5793E /* Font */,
				A0EB123D286DEE7D0047BAA8 /* Views */,
				39C26DEB286C78010011F5FA /* WeatherDiaryApp.swift */,
				39C26DEF286C78030011F5FA /* Assets.xcassets */,
				39C26DF1286C78030011F5FA /* Preview Content */,
			);
			path = WeatherDiary;
			sourceTree = "<group>";
		};
		39C26DF1286C78030011F5FA /* Preview Content */ = {
			isa = PBXGroup;
			children = (
				39C26DF2286C78030011F5FA /* Preview Assets.xcassets */,
			);
			path = "Preview Content";
			sourceTree = "<group>";
		};
		39D6D1832873516F00C5793E /* Font */ = {
			isa = PBXGroup;
			children = (
				39D6D1842873519900C5793E /* 나눔손글씨 반짝반짝 별.ttf */,
			);
			path = Font;
			sourceTree = "<group>";
		};
		A0EB123D286DEE7D0047BAA8 /* Views */ = {
			isa = PBXGroup;
			children = (
				A0F82289290D0B0200AF4448 /* WeatherInfoView */,
				A0F82285290D0AE700AF4448 /* LoadingView.swift */,
				A03EC6C32919375100AA3EEC /* MainView.swift */,
				39E8CD5128D591040087D0EF /* LicenseView.swift */,
			);
			path = Views;
			sourceTree = "<group>";
		};
		A0F82289290D0B0200AF4448 /* WeatherInfoView */ = {
			isa = PBXGroup;
			children = (
				A0F82287290D0AFC00AF4448 /* WeatherInfoView.swift */,
				A0F8228A290D0B2900AF4448 /* CurrentWeatherView.swift */,
				A0F8228C290D0B4100AF4448 /* HourlyWeatherListView.swift */,
				A0F8228E290D0B5500AF4448 /* WeeklyWeatherListView.swift */,
			);
			path = WeatherInfoView;
			sourceTree = "<group>";
		};
		A0F822AD29129D7900AF4448 /* Extension */ = {
			isa = PBXGroup;
			children = (
				A0F822AE29129D9E00AF4448 /* Font+Extension.swift */,
				A03EC6C129192CC200AA3EEC /* Date+Extension.swift */,
				A03EC6C52919470A00AA3EEC /* WeatherCondition+Extension.swift */,
			);
			path = Extension;
			sourceTree = "<group>";
		};
		A0F822B12912AC3300AF4448 /* Manager */ = {
			isa = PBXGroup;
			children = (
				A0F822B22912AC4F00AF4448 /* LocationManager.swift */,
			);
			path = Manager;
			sourceTree = "<group>";
		};
/* End PBXGroup section */

/* Begin PBXNativeTarget section */
		39C26DE7286C78010011F5FA /* 날씨장 */ = {
			isa = PBXNativeTarget;
			buildConfigurationList = 39C26DF6286C78030011F5FA /* Build configuration list for PBXNativeTarget "날씨장" */;
			buildPhases = (
				39C26DE4286C78010011F5FA /* Sources */,
				39C26DE5286C78010011F5FA /* Frameworks */,
				39C26DE6286C78010011F5FA /* Resources */,
			);
			buildRules = (
			);
			dependencies = (
			);
			name = "날씨장";
			packageProductDependencies = (
				3903A113287ABEE800400F31 /* CSV */,
			);
			productName = WeatherDiary;
			productReference = 39C26DE8286C78010011F5FA /* 날씨장.app */;
			productType = "com.apple.product-type.application";
		};
/* End PBXNativeTarget section */

/* Begin PBXProject section */
		39C26DE0286C78010011F5FA /* Project object */ = {
			isa = PBXProject;
			attributes = {
				BuildIndependentTargetsInParallel = 1;
				LastSwiftUpdateCheck = 1330;
				LastUpgradeCheck = 1330;
				TargetAttributes = {
					39C26DE7286C78010011F5FA = {
						CreatedOnToolsVersion = 13.3;
					};
				};
			};
			buildConfigurationList = 39C26DE3286C78010011F5FA /* Build configuration list for PBXProject "WeatherDiary" */;
			compatibilityVersion = "Xcode 13.0";
			developmentRegion = en;
			hasScannedForEncodings = 0;
			knownRegions = (
				en,
				Base,
			);
			mainGroup = 39C26DDF286C78010011F5FA;
			packageReferences = (
				3903A112287ABEE800400F31 /* XCRemoteSwiftPackageReference "CSV.swift" */,
			);
			productRefGroup = 39C26DE9286C78010011F5FA /* Products */;
			projectDirPath = "";
			projectRoot = "";
			targets = (
				39C26DE7286C78010011F5FA /* 날씨장 */,
			);
		};
/* End PBXProject section */

/* Begin PBXResourcesBuildPhase section */
		39C26DE6286C78010011F5FA /* Resources */ = {
			isa = PBXResourcesBuildPhase;
			buildActionMask = 2147483647;
			files = (
				39C26DF3286C78030011F5FA /* Preview Assets.xcassets in Resources */,
				39D6D1852873519900C5793E /* 나눔손글씨 반짝반짝 별.ttf in Resources */,
				39C26DF0286C78030011F5FA /* Assets.xcassets in Resources */,
			);
			runOnlyForDeploymentPostprocessing = 0;
		};
/* End PBXResourcesBuildPhase section */

/* Begin PBXSourcesBuildPhase section */
		39C26DE4286C78010011F5FA /* Sources */ = {
			isa = PBXSourcesBuildPhase;
			buildActionMask = 2147483647;
			files = (
				A03EC6C62919470A00AA3EEC /* WeatherCondition+Extension.swift in Sources */,
				A0F8228D290D0B4100AF4448 /* HourlyWeatherListView.swift in Sources */,
				A0F8228B290D0B2900AF4448 /* CurrentWeatherView.swift in Sources */,
				A0F82288290D0AFC00AF4448 /* WeatherInfoView.swift in Sources */,
				39E8CD5228D591040087D0EF /* LicenseView.swift in Sources */,
				A0F82286290D0AE700AF4448 /* LoadingView.swift in Sources */,
				A03EC6C229192CC200AA3EEC /* Date+Extension.swift in Sources */,
				39C26DEC286C78010011F5FA /* WeatherDiaryApp.swift in Sources */,
				A03EC6C42919375100AA3EEC /* MainView.swift in Sources */,
				A0F822AF29129D9E00AF4448 /* Font+Extension.swift in Sources */,
				A0F8228F290D0B5500AF4448 /* WeeklyWeatherListView.swift in Sources */,
				A0F822B32912AC4F00AF4448 /* LocationManager.swift in Sources */,
			);
			runOnlyForDeploymentPostprocessing = 0;
		};
/* End PBXSourcesBuildPhase section */

/* Begin XCBuildConfiguration section */
		39C26DF4286C78030011F5FA /* Debug */ = {
			isa = XCBuildConfiguration;
			buildSettings = {
				ALWAYS_SEARCH_USER_PATHS = NO;
				CLANG_ANALYZER_NONNULL = YES;
				CLANG_ANALYZER_NUMBER_OBJECT_CONVERSION = YES_AGGRESSIVE;
				CLANG_CXX_LANGUAGE_STANDARD = "gnu++17";
				CLANG_ENABLE_MODULES = YES;
				CLANG_ENABLE_OBJC_ARC = YES;
				CLANG_ENABLE_OBJC_WEAK = YES;
				CLANG_WARN_BLOCK_CAPTURE_AUTORELEASING = YES;
				CLANG_WARN_BOOL_CONVERSION = YES;
				CLANG_WARN_COMMA = YES;
				CLANG_WARN_CONSTANT_CONVERSION = YES;
				CLANG_WARN_DEPRECATED_OBJC_IMPLEMENTATIONS = YES;
				CLANG_WARN_DIRECT_OBJC_ISA_USAGE = YES_ERROR;
				CLANG_WARN_DOCUMENTATION_COMMENTS = YES;
				CLANG_WARN_EMPTY_BODY = YES;
				CLANG_WARN_ENUM_CONVERSION = YES;
				CLANG_WARN_INFINITE_RECURSION = YES;
				CLANG_WARN_INT_CONVERSION = YES;
				CLANG_WARN_NON_LITERAL_NULL_CONVERSION = YES;
				CLANG_WARN_OBJC_IMPLICIT_RETAIN_SELF = YES;
				CLANG_WARN_OBJC_LITERAL_CONVERSION = YES;
				CLANG_WARN_OBJC_ROOT_CLASS = YES_ERROR;
				CLANG_WARN_QUOTED_INCLUDE_IN_FRAMEWORK_HEADER = YES;
				CLANG_WARN_RANGE_LOOP_ANALYSIS = YES;
				CLANG_WARN_STRICT_PROTOTYPES = YES;
				CLANG_WARN_SUSPICIOUS_MOVE = YES;
				CLANG_WARN_UNGUARDED_AVAILABILITY = YES_AGGRESSIVE;
				CLANG_WARN_UNREACHABLE_CODE = YES;
				CLANG_WARN__DUPLICATE_METHOD_MATCH = YES;
				COPY_PHASE_STRIP = NO;
				DEBUG_INFORMATION_FORMAT = dwarf;
				ENABLE_STRICT_OBJC_MSGSEND = YES;
				ENABLE_TESTABILITY = YES;
				GCC_C_LANGUAGE_STANDARD = gnu11;
				GCC_DYNAMIC_NO_PIC = NO;
				GCC_NO_COMMON_BLOCKS = YES;
				GCC_OPTIMIZATION_LEVEL = 0;
				GCC_PREPROCESSOR_DEFINITIONS = (
					"DEBUG=1",
					"$(inherited)",
				);
				GCC_WARN_64_TO_32_BIT_CONVERSION = YES;
				GCC_WARN_ABOUT_RETURN_TYPE = YES_ERROR;
				GCC_WARN_UNDECLARED_SELECTOR = YES;
				GCC_WARN_UNINITIALIZED_AUTOS = YES_AGGRESSIVE;
				GCC_WARN_UNUSED_FUNCTION = YES;
				GCC_WARN_UNUSED_VARIABLE = YES;
				IPHONEOS_DEPLOYMENT_TARGET = 16.0;
				MTL_ENABLE_DEBUG_INFO = INCLUDE_SOURCE;
				MTL_FAST_MATH = YES;
				ONLY_ACTIVE_ARCH = YES;
				SDKROOT = iphoneos;
				SWIFT_ACTIVE_COMPILATION_CONDITIONS = DEBUG;
				SWIFT_OPTIMIZATION_LEVEL = "-Onone";
			};
			name = Debug;
		};
		39C26DF5286C78030011F5FA /* Release */ = {
			isa = XCBuildConfiguration;
			buildSettings = {
				ALWAYS_SEARCH_USER_PATHS = NO;
				CLANG_ANALYZER_NONNULL = YES;
				CLANG_ANALYZER_NUMBER_OBJECT_CONVERSION = YES_AGGRESSIVE;
				CLANG_CXX_LANGUAGE_STANDARD = "gnu++17";
				CLANG_ENABLE_MODULES = YES;
				CLANG_ENABLE_OBJC_ARC = YES;
				CLANG_ENABLE_OBJC_WEAK = YES;
				CLANG_WARN_BLOCK_CAPTURE_AUTORELEASING = YES;
				CLANG_WARN_BOOL_CONVERSION = YES;
				CLANG_WARN_COMMA = YES;
				CLANG_WARN_CONSTANT_CONVERSION = YES;
				CLANG_WARN_DEPRECATED_OBJC_IMPLEMENTATIONS = YES;
				CLANG_WARN_DIRECT_OBJC_ISA_USAGE = YES_ERROR;
				CLANG_WARN_DOCUMENTATION_COMMENTS = YES;
				CLANG_WARN_EMPTY_BODY = YES;
				CLANG_WARN_ENUM_CONVERSION = YES;
				CLANG_WARN_INFINITE_RECURSION = YES;
				CLANG_WARN_INT_CONVERSION = YES;
				CLANG_WARN_NON_LITERAL_NULL_CONVERSION = YES;
				CLANG_WARN_OBJC_IMPLICIT_RETAIN_SELF = YES;
				CLANG_WARN_OBJC_LITERAL_CONVERSION = YES;
				CLANG_WARN_OBJC_ROOT_CLASS = YES_ERROR;
				CLANG_WARN_QUOTED_INCLUDE_IN_FRAMEWORK_HEADER = YES;
				CLANG_WARN_RANGE_LOOP_ANALYSIS = YES;
				CLANG_WARN_STRICT_PROTOTYPES = YES;
				CLANG_WARN_SUSPICIOUS_MOVE = YES;
				CLANG_WARN_UNGUARDED_AVAILABILITY = YES_AGGRESSIVE;
				CLANG_WARN_UNREACHABLE_CODE = YES;
				CLANG_WARN__DUPLICATE_METHOD_MATCH = YES;
				COPY_PHASE_STRIP = NO;
				DEBUG_INFORMATION_FORMAT = "dwarf-with-dsym";
				ENABLE_NS_ASSERTIONS = NO;
				ENABLE_STRICT_OBJC_MSGSEND = YES;
				GCC_C_LANGUAGE_STANDARD = gnu11;
				GCC_NO_COMMON_BLOCKS = YES;
				GCC_WARN_64_TO_32_BIT_CONVERSION = YES;
				GCC_WARN_ABOUT_RETURN_TYPE = YES_ERROR;
				GCC_WARN_UNDECLARED_SELECTOR = YES;
				GCC_WARN_UNINITIALIZED_AUTOS = YES_AGGRESSIVE;
				GCC_WARN_UNUSED_FUNCTION = YES;
				GCC_WARN_UNUSED_VARIABLE = YES;
				IPHONEOS_DEPLOYMENT_TARGET = 16.0;
				MTL_ENABLE_DEBUG_INFO = NO;
				MTL_FAST_MATH = YES;
				SDKROOT = iphoneos;
				SWIFT_COMPILATION_MODE = wholemodule;
				SWIFT_OPTIMIZATION_LEVEL = "-O";
				VALIDATE_PRODUCT = YES;
			};
			name = Release;
		};
		39C26DF7286C78030011F5FA /* Debug */ = {
			isa = XCBuildConfiguration;
			buildSettings = {
				ASSETCATALOG_COMPILER_APPICON_NAME = AppIcon;
				ASSETCATALOG_COMPILER_GLOBAL_ACCENT_COLOR_NAME = AccentColor;
				CODE_SIGN_ENTITLEMENTS = WeatherDiary/WeatherDiary.entitlements;
				CODE_SIGN_STYLE = Automatic;
				CURRENT_PROJECT_VERSION = 1;
				DEVELOPMENT_ASSET_PATHS = "\"WeatherDiary/Preview Content\"";
				DEVELOPMENT_TEAM = 8PCQ932FR3;
				ENABLE_PREVIEWS = YES;
				GENERATE_INFOPLIST_FILE = YES;
				INFOPLIST_FILE = WeatherDiary/Info.plist;
				INFOPLIST_KEY_NSLocationAlwaysAndWhenInUseUsageDescription = "This app requires your location";
				INFOPLIST_KEY_NSLocationWhenInUseUsageDescription = "This app needs your location";
				INFOPLIST_KEY_UIApplicationSceneManifest_Generation = YES;
				INFOPLIST_KEY_UIApplicationSupportsIndirectInputEvents = YES;
				INFOPLIST_KEY_UILaunchScreen_Generation = YES;
				INFOPLIST_KEY_UISupportedInterfaceOrientations_iPad = "UIInterfaceOrientationPortrait UIInterfaceOrientationPortraitUpsideDown UIInterfaceOrientationLandscapeLeft UIInterfaceOrientationLandscapeRight";
				INFOPLIST_KEY_UISupportedInterfaceOrientations_iPhone = "UIInterfaceOrientationPortrait UIInterfaceOrientationLandscapeLeft UIInterfaceOrientationLandscapeRight";
				LD_RUNPATH_SEARCH_PATHS = (
					"$(inherited)",
					"@executable_path/Frameworks",
				);
				MARKETING_VERSION = 1.0;
				PRODUCT_BUNDLE_IDENTIFIER = com.renewal.weatherDiary;
				PRODUCT_NAME = "$(TARGET_NAME)";
				SWIFT_EMIT_LOC_STRINGS = YES;
				SWIFT_VERSION = 5.0;
				TARGETED_DEVICE_FAMILY = "1,2";
			};
			name = Debug;
		};
		39C26DF8286C78030011F5FA /* Release */ = {
			isa = XCBuildConfiguration;
			buildSettings = {
				ASSETCATALOG_COMPILER_APPICON_NAME = AppIcon;
				ASSETCATALOG_COMPILER_GLOBAL_ACCENT_COLOR_NAME = AccentColor;
				CODE_SIGN_ENTITLEMENTS = WeatherDiary/WeatherDiary.entitlements;
				CODE_SIGN_STYLE = Automatic;
				CURRENT_PROJECT_VERSION = 1;
				DEVELOPMENT_ASSET_PATHS = "\"WeatherDiary/Preview Content\"";
				DEVELOPMENT_TEAM = 8PCQ932FR3;
				ENABLE_PREVIEWS = YES;
				GENERATE_INFOPLIST_FILE = YES;
				INFOPLIST_FILE = WeatherDiary/Info.plist;
				INFOPLIST_KEY_NSLocationAlwaysAndWhenInUseUsageDescription = "This app requires your location";
				INFOPLIST_KEY_NSLocationWhenInUseUsageDescription = "This app needs your location";
				INFOPLIST_KEY_UIApplicationSceneManifest_Generation = YES;
				INFOPLIST_KEY_UIApplicationSupportsIndirectInputEvents = YES;
				INFOPLIST_KEY_UILaunchScreen_Generation = YES;
				INFOPLIST_KEY_UISupportedInterfaceOrientations_iPad = "UIInterfaceOrientationPortrait UIInterfaceOrientationPortraitUpsideDown UIInterfaceOrientationLandscapeLeft UIInterfaceOrientationLandscapeRight";
				INFOPLIST_KEY_UISupportedInterfaceOrientations_iPhone = "UIInterfaceOrientationPortrait UIInterfaceOrientationLandscapeLeft UIInterfaceOrientationLandscapeRight";
				LD_RUNPATH_SEARCH_PATHS = (
					"$(inherited)",
					"@executable_path/Frameworks",
				);
				MARKETING_VERSION = 1.0;
				PRODUCT_BUNDLE_IDENTIFIER = com.renewal.weatherDiary;
				PRODUCT_NAME = "$(TARGET_NAME)";
				SWIFT_EMIT_LOC_STRINGS = YES;
				SWIFT_VERSION = 5.0;
				TARGETED_DEVICE_FAMILY = "1,2";
			};
			name = Release;
		};
/* End XCBuildConfiguration section */

/* Begin XCConfigurationList section */
		39C26DE3286C78010011F5FA /* Build configuration list for PBXProject "WeatherDiary" */ = {
			isa = XCConfigurationList;
			buildConfigurations = (
				39C26DF4286C78030011F5FA /* Debug */,
				39C26DF5286C78030011F5FA /* Release */,
			);
			defaultConfigurationIsVisible = 0;
			defaultConfigurationName = Release;
		};
		39C26DF6286C78030011F5FA /* Build configuration list for PBXNativeTarget "날씨장" */ = {
			isa = XCConfigurationList;
			buildConfigurations = (
				39C26DF7286C78030011F5FA /* Debug */,
				39C26DF8286C78030011F5FA /* Release */,
			);
			defaultConfigurationIsVisible = 0;
			defaultConfigurationName = Release;
		};
/* End XCConfigurationList section */

/* Begin XCRemoteSwiftPackageReference section */
		3903A112287ABEE800400F31 /* XCRemoteSwiftPackageReference "CSV.swift" */ = {
			isa = XCRemoteSwiftPackageReference;
			repositoryURL = "https://github.com/yaslab/CSV.swift.git";
			requirement = {
				kind = upToNextMinorVersion;
				minimumVersion = 2.4.0;
			};
		};
/* End XCRemoteSwiftPackageReference section */

/* Begin XCSwiftPackageProductDependency section */
		3903A113287ABEE800400F31 /* CSV */ = {
			isa = XCSwiftPackageProductDependency;
			package = 3903A112287ABEE800400F31 /* XCRemoteSwiftPackageReference "CSV.swift" */;
			productName = CSV;
		};
/* End XCSwiftPackageProductDependency section */
	};
	rootObject = 39C26DE0286C78010011F5FA /* Project object */;
}
